PODS:
  - AFNetworking (3.1.0):
    - AFNetworking/NSURLSession (= 3.1.0)
    - AFNetworking/Reachability (= 3.1.0)
    - AFNetworking/Security (= 3.1.0)
    - AFNetworking/Serialization (= 3.1.0)
    - AFNetworking/UIKit (= 3.1.0)
  - AFNetworking/NSURLSession (3.1.0):
    - AFNetworking/Reachability
    - AFNetworking/Security
    - AFNetworking/Serialization
  - AFNetworking/Reachability (3.1.0)
  - AFNetworking/Security (3.1.0)
  - AFNetworking/Serialization (3.1.0)
  - AFNetworking/UIKit (3.1.0):
    - AFNetworking/NSURLSession
  - FMDB (2.7.2):
    - FMDB/standard (= 2.7.2)
  - FMDB/standard (2.7.2)
  - Masonry (1.1.0)
  - MJExtension (3.0.13)
  - MJRefresh (3.1.15.1)
  - ReactiveObjC (3.0.0)
  - SDWebImage (4.2.2):
    - SDWebImage/Core (= 4.2.2)
  - SDWebImage/Core (4.2.2)
  - SUIUtils (0.0.2):
    - SUIUtils/Foundation (= 0.0.2)
    - SUIUtils/Helper (= 0.0.2)
    - SUIUtils/Tool (= 0.0.2)
    - SUIUtils/UIKit (= 0.0.2)
  - SUIUtils/Foundation (0.0.2):
    - SUIUtils/Tool
  - SUIUtils/Helper (0.0.2):
    - SUIUtils/UIKit
    - UITableView+FDTemplateLayoutCell (~> 1.4)
  - SUIUtils/Tool (0.0.2)
  - SUIUtils/UIKit (0.0.2):
    - SUIUtils/Foundation
  - UITableView+FDTemplateLayoutCell (1.6)
  - YTKNetwork (2.0.4):
    - AFNetworking (~> 3.0)

DEPENDENCIES:
  - AFNetworking
  - FMDB
  - Masonry
  - MJExtension
  - MJRefresh
  - ReactiveObjC
  - SDWebImage
  - SUIUtils (from `https://github.com/randomprocess/SUIUtils`)
  - YTKNetwork

EXTERNAL SOURCES:
  SUIUtils:
    :git: https://github.com/randomprocess/SUIUtils

CHECKOUT OPTIONS:
  SUIUtils:
    :commit: f0685ad7a76db3f5880fc3fbe894b31a2085d308
    :git: https://github.com/randomprocess/SUIUtils

SPEC CHECKSUMS:
  AFNetworking: 5e0e199f73d8626b11e79750991f5d173d1f8b67
  FMDB: 6198a90e7b6900cfc046e6bc0ef6ebb7be9236aa
  Masonry: 678fab65091a9290e40e2832a55e7ab731aad201
  MJExtension: 5932755f451458eefa24239358817f8d291240c7
  MJRefresh: 5f8552bc25ca8751c010f621c1098dbdaacbccd6
  ReactiveObjC: ce79989e8684b9086b5f8d0c74bc7b81a8729c9e
  SDWebImage: 89a9d32cd520bbb46eb14e541d5109b3564af198
  SUIUtils: b4dc603df7a7f08dab0005522353414260a1b719
  UITableView+FDTemplateLayoutCell: 5c949b4a5059c404b442926c0e80f81d10a2d66f
  YTKNetwork: df8a7a5597bda1664a4efaa7ef871a818a887fe0

PODFILE CHECKSUM: 25a55d038f2d936c30651c94f07f01666de1d6f6

COCOAPODS: 1.4.0
