// !$*UTF8*$!
{
	archiveVersion = 1;
	classes = {
	};
	objectVersion = 48;
	objects = {

/* Begin PBXBuildFile section */
		1817DFF52046A53C00A12164 /* AppDelegate.m in Sources */ = {isa = PBXBuildFile; fileRef = 1817DFF42046A53C00A12164 /* AppDelegate.m */; };
		1817DFF82046A53C00A12164 /* ViewController.m in Sources */ = {isa = PBXBuildFile; fileRef = 1817DFF72046A53C00A12164 /* ViewController.m */; };
		1817DFFB2046A53C00A12164 /* Main.storyboard in Resources */ = {isa = PBXBuildFile; fileRef = 1817DFF92046A53C00A12164 /* Main.storyboard */; };
		1817DFFD2046A53C00A12164 /* Assets.xcassets in Resources */ = {isa = PBXBuildFile; fileRef = 1817DFFC2046A53C00A12164 /* Assets.xcassets */; };
		1817E0002046A53C00A12164 /* LaunchScreen.storyboard in Resources */ = {isa = PBXBuildFile; fileRef = 1817DFFE2046A53C00A12164 /* LaunchScreen.storyboard */; };
		1817E0032046A53C00A12164 /* main.m in Sources */ = {isa = PBXBuildFile; fileRef = 1817E0022046A53C00A12164 /* main.m */; };
		1817E00D2046A53C00A12164 /* CNSummaryDemoTests.m in Sources */ = {isa = PBXBuildFile; fileRef = 1817E00C2046A53C00A12164 /* CNSummaryDemoTests.m */; };
		1817E0182046A53D00A12164 /* CNSummaryDemoUITests.m in Sources */ = {isa = PBXBuildFile; fileRef = 1817E0172046A53D00A12164 /* CNSummaryDemoUITests.m */; };
/* End PBXBuildFile section */

/* Begin PBXContainerItemProxy section */
		1817E0092046A53C00A12164 /* PBXContainerItemProxy */ = {
			isa = PBXContainerItemProxy;
			containerPortal = 1817DFE82046A53C00A12164 /* Project object */;
			proxyType = 1;
			remoteGlobalIDString = 1817DFEF2046A53C00A12164;
			remoteInfo = CNSummaryDemo;
		};
		1817E0142046A53C00A12164 /* PBXContainerItemProxy */ = {
			isa = PBXContainerItemProxy;
			containerPortal = 1817DFE82046A53C00A12164 /* Project object */;
			proxyType = 1;
			remoteGlobalIDString = 1817DFEF2046A53C00A12164;
			remoteInfo = CNSummaryDemo;
		};
/* End PBXContainerItemProxy section */

/* Begin PBXFileReference section */
		1817DFF02046A53C00A12164 /* CNSummaryDemo.app */ = {isa = PBXFileReference; explicitFileType = wrapper.application; includeInIndex = 0; path = CNSummaryDemo.app; sourceTree = BUILT_PRODUCTS_DIR; };
		1817DFF32046A53C00A12164 /* AppDelegate.h */ = {isa = PBXFileReference; lastKnownFileType = sourcecode.c.h; path = AppDelegate.h; sourceTree = "<group>"; };
		1817DFF42046A53C00A12164 /* AppDelegate.m */ = {isa = PBXFileReference; lastKnownFileType = sourcecode.c.objc; path = AppDelegate.m; sourceTree = "<group>"; };
		1817DFF62046A53C00A12164 /* ViewController.h */ = {isa = PBXFileReference; lastKnownFileType = sourcecode.c.h; path = ViewController.h; sourceTree = "<group>"; };
		1817DFF72046A53C00A12164 /* ViewController.m */ = {isa = PBXFileReference; lastKnownFileType = sourcecode.c.objc; path = ViewController.m; sourceTree = "<group>"; };
		1817DFFA2046A53C00A12164 /* Base */ = {isa = PBXFileReference; lastKnownFileType = file.storyboard; name = Base; path = Base.lproj/Main.storyboard; sourceTree = "<group>"; };
		1817DFFC2046A53C00A12164 /* Assets.xcassets */ = {isa = PBXFileReference; lastKnownFileType = folder.assetcatalog; path = Assets.xcassets; sourceTree = "<group>"; };
		1817DFFF2046A53C00A12164 /* Base */ = {isa = PBXFileReference; lastKnownFileType = file.storyboard; name = Base; path = Base.lproj/LaunchScreen.storyboard; sourceTree = "<group>"; };
		1817E0012046A53C00A12164 /* Info.plist */ = {isa = PBXFileReference; lastKnownFileType = text.plist.xml; path = Info.plist; sourceTree = "<group>"; };
		1817E0022046A53C00A12164 /* main.m */ = {isa = PBXFileReference; lastKnownFileType = sourcecode.c.objc; path = main.m; sourceTree = "<group>"; };
		1817E0082046A53C00A12164 /* CNSummaryDemoTests.xctest */ = {isa = PBXFileReference; explicitFileType = wrapper.cfbundle; includeInIndex = 0; path = CNSummaryDemoTests.xctest; sourceTree = BUILT_PRODUCTS_DIR; };
		1817E00C2046A53C00A12164 /* CNSummaryDemoTests.m */ = {isa = PBXFileReference; lastKnownFileType = sourcecode.c.objc; path = CNSummaryDemoTests.m; sourceTree = "<group>"; };
		1817E00E2046A53C00A12164 /* Info.plist */ = {isa = PBXFileReference; lastKnownFileType = text.plist.xml; path = Info.plist; sourceTree = "<group>"; };
		1817E0132046A53C00A12164 /* CNSummaryDemoUITests.xctest */ = {isa = PBXFileReference; explicitFileType = wrapper.cfbundle; includeInIndex = 0; path = CNSummaryDemoUITests.xctest; sourceTree = BUILT_PRODUCTS_DIR; };
		1817E0172046A53D00A12164 /* CNSummaryDemoUITests.m */ = {isa = PBXFileReference; lastKnownFileType = sourcecode.c.objc; path = CNSummaryDemoUITests.m; sourceTree = "<group>"; };
		1817E0192046A53D00A12164 /* Info.plist */ = {isa = PBXFileReference; lastKnownFileType = text.plist.xml; path = Info.plist; sourceTree = "<group>"; };
/* End PBXFileReference section */

/* Begin PBXFrameworksBuildPhase section */
		1817DFED2046A53C00A12164 /* Frameworks */ = {
			isa = PBXFrameworksBuildPhase;
			buildActionMask = 2147483647;
			files = (
			);
			runOnlyForDeploymentPostprocessing = 0;
		};
		1817E0052046A53C00A12164 /* Frameworks */ = {
			isa = PBXFrameworksBuildPhase;
			buildActionMask = 2147483647;
			files = (
			);
			runOnlyForDeploymentPostprocessing = 0;
		};
		1817E0102046A53C00A12164 /* Frameworks */ = {
			isa = PBXFrameworksBuildPhase;
			buildActionMask = 2147483647;
			files = (
			);
			runOnlyForDeploymentPostprocessing = 0;
		};
/* End PBXFrameworksBuildPhase section */

/* Begin PBXGroup section */
		1817DFE72046A53C00A12164 = {
			isa = PBXGroup;
			children = (
				1817DFF22046A53C00A12164 /* CNSummaryDemo */,
				1817E00B2046A53C00A12164 /* CNSummaryDemoTests */,
				1817E0162046A53D00A12164 /* CNSummaryDemoUITests */,
				1817DFF12046A53C00A12164 /* Products */,
			);
			sourceTree = "<group>";
		};
		1817DFF12046A53C00A12164 /* Products */ = {
			isa = PBXGroup;
			children = (
				1817DFF02046A53C00A12164 /* CNSummaryDemo.app */,
				1817E0082046A53C00A12164 /* CNSummaryDemoTests.xctest */,
				1817E0132046A53C00A12164 /* CNSummaryDemoUITests.xctest */,
			);
			name = Products;
			sourceTree = "<group>";
		};
		1817DFF22046A53C00A12164 /* CNSummaryDemo */ = {
			isa = PBXGroup;
			children = (
				1817DFF32046A53C00A12164 /* AppDelegate.h */,
				1817DFF42046A53C00A12164 /* AppDelegate.m */,
				1817DFF62046A53C00A12164 /* ViewController.h */,
				1817DFF72046A53C00A12164 /* ViewController.m */,
				1817DFF92046A53C00A12164 /* Main.storyboard */,
				1817DFFC2046A53C00A12164 /* Assets.xcassets */,
				1817DFFE2046A53C00A12164 /* LaunchScreen.storyboard */,
				1817E0012046A53C00A12164 /* Info.plist */,
				1817E0022046A53C00A12164 /* main.m */,
			);
			path = CNSummaryDemo;
			sourceTree = "<group>";
		};
		1817E00B2046A53C00A12164 /* CNSummaryDemoTests */ = {
			isa = PBXGroup;
			children = (
				1817E00C2046A53C00A12164 /* CNSummaryDemoTests.m */,
				1817E00E2046A53C00A12164 /* Info.plist */,
			);
			path = CNSummaryDemoTests;
			sourceTree = "<group>";
		};
		1817E0162046A53D00A12164 /* CNSummaryDemoUITests */ = {
			isa = PBXGroup;
			children = (
				1817E0172046A53D00A12164 /* CNSummaryDemoUITests.m */,
				1817E0192046A53D00A12164 /* Info.plist */,
			);
			path = CNSummaryDemoUITests;
			sourceTree = "<group>";
		};
/* End PBXGroup section */

/* Begin PBXNativeTarget section */
		1817DFEF2046A53C00A12164 /* CNSummaryDemo */ = {
			isa = PBXNativeTarget;
			buildConfigurationList = 1817E01C2046A53D00A12164 /* Build configuration list for PBXNativeTarget "CNSummaryDemo" */;
			buildPhases = (
				1817DFEC2046A53C00A12164 /* Sources */,
				1817DFED2046A53C00A12164 /* Frameworks */,
				1817DFEE2046A53C00A12164 /* Resources */,
			);
			buildRules = (
			);
			dependencies = (
			);
			name = CNSummaryDemo;
			productName = CNSummaryDemo;
			productReference = 1817DFF02046A53C00A12164 /* CNSummaryDemo.app */;
			productType = "com.apple.product-type.application";
		};
		1817E0072046A53C00A12164 /* CNSummaryDemoTests */ = {
			isa = PBXNativeTarget;
			buildConfigurationList = 1817E01F2046A53D00A12164 /* Build configuration list for PBXNativeTarget "CNSummaryDemoTests" */;
			buildPhases = (
				1817E0042046A53C00A12164 /* Sources */,
				1817E0052046A53C00A12164 /* Frameworks */,
				1817E0062046A53C00A12164 /* Resources */,
			);
			buildRules = (
			);
			dependencies = (
				1817E00A2046A53C00A12164 /* PBXTargetDependency */,
			);
			name = CNSummaryDemoTests;
			productName = CNSummaryDemoTests;
			productReference = 1817E0082046A53C00A12164 /* CNSummaryDemoTests.xctest */;
			productType = "com.apple.product-type.bundle.unit-test";
		};
		1817E0122046A53C00A12164 /* CNSummaryDemoUITests */ = {
			isa = PBXNativeTarget;
			buildConfigurationList = 1817E0222046A53D00A12164 /* Build configuration list for PBXNativeTarget "CNSummaryDemoUITests" */;
			buildPhases = (
				1817E00F2046A53C00A12164 /* Sources */,
				1817E0102046A53C00A12164 /* Frameworks */,
				1817E0112046A53C00A12164 /* Resources */,
			);
			buildRules = (
			);
			dependencies = (
				1817E0152046A53C00A12164 /* PBXTargetDependency */,
			);
			name = CNSummaryDemoUITests;
			productName = CNSummaryDemoUITests;
			productReference = 1817E0132046A53C00A12164 /* CNSummaryDemoUITests.xctest */;
			productType = "com.apple.product-type.bundle.ui-testing";
		};
/* End PBXNativeTarget section */

/* Begin PBXProject section */
		1817DFE82046A53C00A12164 /* Project object */ = {
			isa = PBXProject;
			attributes = {
				LastUpgradeCheck = 0920;
				ORGANIZATIONNAME = apple;
				TargetAttributes = {
					1817DFEF2046A53C00A12164 = {
						CreatedOnToolsVersion = 9.2;
						ProvisioningStyle = Automatic;
					};
					1817E0072046A53C00A12164 = {
						CreatedOnToolsVersion = 9.2;
						ProvisioningStyle = Automatic;
						TestTargetID = 1817DFEF2046A53C00A12164;
					};
					1817E0122046A53C00A12164 = {
						CreatedOnToolsVersion = 9.2;
						ProvisioningStyle = Automatic;
						TestTargetID = 1817DFEF2046A53C00A12164;
					};
				};
			};
			buildConfigurationList = 1817DFEB2046A53C00A12164 /* Build configuration list for PBXProject "CNSummaryDemo" */;
			compatibilityVersion = "Xcode 8.0";
			developmentRegion = en;
			hasScannedForEncodings = 0;
			knownRegions = (
				en,
				Base,
			);
			mainGroup = 1817DFE72046A53C00A12164;
			productRefGroup = 1817DFF12046A53C00A12164 /* Products */;
			projectDirPath = "";
			projectRoot = "";
			targets = (
				1817DFEF2046A53C00A12164 /* CNSummaryDemo */,
				1817E0072046A53C00A12164 /* CNSummaryDemoTests */,
				1817E0122046A53C00A12164 /* CNSummaryDemoUITests */,
			);
		};
/* End PBXProject section */

/* Begin PBXResourcesBuildPhase section */
		1817DFEE2046A53C00A12164 /* Resources */ = {
			isa = PBXResourcesBuildPhase;
			buildActionMask = 2147483647;
			files = (
				1817E0002046A53C00A12164 /* LaunchScreen.storyboard in Resources */,
				1817DFFD2046A53C00A12164 /* Assets.xcassets in Resources */,
				1817DFFB2046A53C00A12164 /* Main.storyboard in Resources */,
			);
			runOnlyForDeploymentPostprocessing = 0;
		};
		1817E0062046A53C00A12164 /* Resources */ = {
			isa = PBXResourcesBuildPhase;
			buildActionMask = 2147483647;
			files = (
			);
			runOnlyForDeploymentPostprocessing = 0;
		};
		1817E0112046A53C00A12164 /* Resources */ = {
			isa = PBXResourcesBuildPhase;
			buildActionMask = 2147483647;
			files = (
			);
			runOnlyForDeploymentPostprocessing = 0;
		};
/* End PBXResourcesBuildPhase section */

/* Begin PBXSourcesBuildPhase section */
		1817DFEC2046A53C00A12164 /* Sources */ = {
			isa = PBXSourcesBuildPhase;
			buildActionMask = 2147483647;
			files = (
				1817DFF82046A53C00A12164 /* ViewController.m in Sources */,
				1817E0032046A53C00A12164 /* main.m in Sources */,
				1817DFF52046A53C00A12164 /* AppDelegate.m in Sources */,
			);
			runOnlyForDeploymentPostprocessing = 0;
		};
		1817E0042046A53C00A12164 /* Sources */ = {
			isa = PBXSourcesBuildPhase;
			buildActionMask = 2147483647;
			files = (
				1817E00D2046A53C00A12164 /* CNSummaryDemoTests.m in Sources */,
			);
			runOnlyForDeploymentPostprocessing = 0;
		};
		1817E00F2046A53C00A12164 /* Sources */ = {
			isa = PBXSourcesBuildPhase;
			buildActionMask = 2147483647;
			files = (
				1817E0182046A53D00A12164 /* CNSummaryDemoUITests.m in Sources */,
			);
			runOnlyForDeploymentPostprocessing = 0;
		};
/* End PBXSourcesBuildPhase section */

/* Begin PBXTargetDependency section */
		1817E00A2046A53C00A12164 /* PBXTargetDependency */ = {
			isa = PBXTargetDependency;
			target = 1817DFEF2046A53C00A12164 /* CNSummaryDemo */;
			targetProxy = 1817E0092046A53C00A12164 /* PBXContainerItemProxy */;
		};
		1817E0152046A53C00A12164 /* PBXTargetDependency */ = {
			isa = PBXTargetDependency;
			target = 1817DFEF2046A53C00A12164 /* CNSummaryDemo */;
			targetProxy = 1817E0142046A53C00A12164 /* PBXContainerItemProxy */;
		};
/* End PBXTargetDependency section */

/* Begin PBXVariantGroup section */
		1817DFF92046A53C00A12164 /* Main.storyboard */ = {
			isa = PBXVariantGroup;
			children = (
				1817DFFA2046A53C00A12164 /* Base */,
			);
			name = Main.storyboard;
			sourceTree = "<group>";
		};
		1817DFFE2046A53C00A12164 /* LaunchScreen.storyboard */ = {
			isa = PBXVariantGroup;
			children = (
				1817DFFF2046A53C00A12164 /* Base */,
			);
			name = LaunchScreen.storyboard;
			sourceTree = "<group>";
		};
/* End PBXVariantGroup section */

/* Begin XCBuildConfiguration section */
		1817E01A2046A53D00A12164 /* Debug */ = {
			isa = XCBuildConfiguration;
			buildSettings = {
				ALWAYS_SEARCH_USER_PATHS = NO;
				CLANG_ANALYZER_NONNULL = YES;
				CLANG_ANALYZER_NUMBER_OBJECT_CONVERSION = YES_AGGRESSIVE;
				CLANG_CXX_LANGUAGE_STANDARD = "gnu++14";
				CLANG_CXX_LIBRARY = "libc++";
				CLANG_ENABLE_MODULES = YES;
				CLANG_ENABLE_OBJC_ARC = YES;
				CLANG_WARN_BLOCK_CAPTURE_AUTORELEASING = YES;
				CLANG_WARN_BOOL_CONVERSION = YES;
				CLANG_WARN_COMMA = YES;
				CLANG_WARN_CONSTANT_CONVERSION = YES;
				CLANG_WARN_DIRECT_OBJC_ISA_USAGE = YES_ERROR;
				CLANG_WARN_DOCUMENTATION_COMMENTS = YES;
				CLANG_WARN_EMPTY_BODY = YES;
				CLANG_WARN_ENUM_CONVERSION = YES;
				CLANG_WARN_INFINITE_RECURSION = YES;
				CLANG_WARN_INT_CONVERSION = YES;
				CLANG_WARN_NON_LITERAL_NULL_CONVERSION = YES;
				CLANG_WARN_OBJC_LITERAL_CONVERSION = YES;
				CLANG_WARN_OBJC_ROOT_CLASS = YES_ERROR;
				CLANG_WARN_RANGE_LOOP_ANALYSIS = YES;
				CLANG_WARN_STRICT_PROTOTYPES = YES;
				CLANG_WARN_SUSPICIOUS_MOVE = YES;
				CLANG_WARN_UNGUARDED_AVAILABILITY = YES_AGGRESSIVE;
				CLANG_WARN_UNREACHABLE_CODE = YES;
				CLANG_WARN__DUPLICATE_METHOD_MATCH = YES;
				CODE_SIGN_IDENTITY = "iPhone Developer";
				COPY_PHASE_STRIP = NO;
				DEBUG_INFORMATION_FORMAT = dwarf;
				ENABLE_STRICT_OBJC_MSGSEND = YES;
				ENABLE_TESTABILITY = YES;
				GCC_C_LANGUAGE_STANDARD = gnu11;
				GCC_DYNAMIC_NO_PIC = NO;
				GCC_NO_COMMON_BLOCKS = YES;
				GCC_OPTIMIZATION_LEVEL = 0;
				GCC_PREPROCESSOR_DEFINITIONS = (
					"DEBUG=1",
					"$(inherited)",
				);
				GCC_WARN_64_TO_32_BIT_CONVERSION = YES;
				GCC_WARN_ABOUT_RETURN_TYPE = YES_ERROR;
				GCC_WARN_UNDECLARED_SELECTOR = YES;
				GCC_WARN_UNINITIALIZED_AUTOS = YES_AGGRESSIVE;
				GCC_WARN_UNUSED_FUNCTION = YES;
				GCC_WARN_UNUSED_VARIABLE = YES;
				IPHONEOS_DEPLOYMENT_TARGET = 11.2;
				MTL_ENABLE_DEBUG_INFO = YES;
				ONLY_ACTIVE_ARCH = YES;
				SDKROOT = iphoneos;
			};
			name = Debug;
		};
		1817E01B2046A53D00A12164 /* Release */ = {
			isa = XCBuildConfiguration;
			buildSettings = {
				ALWAYS_SEARCH_USER_PATHS = NO;
				CLANG_ANALYZER_NONNULL = YES;
				CLANG_ANALYZER_NUMBER_OBJECT_CONVERSION = YES_AGGRESSIVE;
				CLANG_CXX_LANGUAGE_STANDARD = "gnu++14";
				CLANG_CXX_LIBRARY = "libc++";
				CLANG_ENABLE_MODULES = YES;
				CLANG_ENABLE_OBJC_ARC = YES;
				CLANG_WARN_BLOCK_CAPTURE_AUTORELEASING = YES;
				CLANG_WARN_BOOL_CONVERSION = YES;
				CLANG_WARN_COMMA = YES;
				CLANG_WARN_CONSTANT_CONVERSION = YES;
				CLANG_WARN_DIRECT_OBJC_ISA_USAGE = YES_ERROR;
				CLANG_WARN_DOCUMENTATION_COMMENTS = YES;
				CLANG_WARN_EMPTY_BODY = YES;
				CLANG_WARN_ENUM_CONVERSION = YES;
				CLANG_WARN_INFINITE_RECURSION = YES;
				CLANG_WARN_INT_CONVERSION = YES;
				CLANG_WARN_NON_LITERAL_NULL_CONVERSION = YES;
				CLANG_WARN_OBJC_LITERAL_CONVERSION = YES;
				CLANG_WARN_OBJC_ROOT_CLASS = YES_ERROR;
				CLANG_WARN_RANGE_LOOP_ANALYSIS = YES;
				CLANG_WARN_STRICT_PROTOTYPES = YES;
				CLANG_WARN_SUSPICIOUS_MOVE = YES;
				CLANG_WARN_UNGUARDED_AVAILABILITY = YES_AGGRESSIVE;
				CLANG_WARN_UNREACHABLE_CODE = YES;
				CLANG_WARN__DUPLICATE_METHOD_MATCH = YES;
				CODE_SIGN_IDENTITY = "iPhone Developer";
				COPY_PHASE_STRIP = NO;
				DEBUG_INFORMATION_FORMAT = "dwarf-with-dsym";
				ENABLE_NS_ASSERTIONS = NO;
				ENABLE_STRICT_OBJC_MSGSEND = YES;
				GCC_C_LANGUAGE_STANDARD = gnu11;
				GCC_NO_COMMON_BLOCKS = YES;
				GCC_WARN_64_TO_32_BIT_CONVERSION = YES;
				GCC_WARN_ABOUT_RETURN_TYPE = YES_ERROR;
				GCC_WARN_UNDECLARED_SELECTOR = YES;
				GCC_WARN_UNINITIALIZED_AUTOS = YES_AGGRESSIVE;
				GCC_WARN_UNUSED_FUNCTION = YES;
				GCC_WARN_UNUSED_VARIABLE = YES;
				IPHONEOS_DEPLOYMENT_TARGET = 11.2;
				MTL_ENABLE_DEBUG_INFO = NO;
				SDKROOT = iphoneos;
				VALIDATE_PRODUCT = YES;
			};
			name = Release;
		};
		1817E01D2046A53D00A12164 /* Debug */ = {
			isa = XCBuildConfiguration;
			buildSettings = {
				ASSETCATALOG_COMPILER_APPICON_NAME = AppIcon;
				CODE_SIGN_STYLE = Automatic;
				DEVELOPMENT_TEAM = 58R7H452RZ;
				INFOPLIST_FILE = CNSummaryDemo/Info.plist;
				LD_RUNPATH_SEARCH_PATHS = "$(inherited) @executable_path/Frameworks";
				PRODUCT_BUNDLE_IDENTIFIER = com.ChengNing.CNSummaryDemo;
				PRODUCT_NAME = "$(TARGET_NAME)";
				TARGETED_DEVICE_FAMILY = "1,2";
			};
			name = Debug;
		};
		1817E01E2046A53D00A12164 /* Release */ = {
			isa = XCBuildConfiguration;
			buildSettings = {
				ASSETCATALOG_COMPILER_APPICON_NAME = AppIcon;
				CODE_SIGN_STYLE = Automatic;
				DEVELOPMENT_TEAM = 58R7H452RZ;
				INFOPLIST_FILE = CNSummaryDemo/Info.plist;
				LD_RUNPATH_SEARCH_PATHS = "$(inherited) @executable_path/Frameworks";
				PRODUCT_BUNDLE_IDENTIFIER = com.ChengNing.CNSummaryDemo;
				PRODUCT_NAME = "$(TARGET_NAME)";
				TARGETED_DEVICE_FAMILY = "1,2";
			};
			name = Release;
		};
		1817E0202046A53D00A12164 /* Debug */ = {
			isa = XCBuildConfiguration;
			buildSettings = {
				BUNDLE_LOADER = "$(TEST_HOST)";
				CODE_SIGN_STYLE = Automatic;
				DEVELOPMENT_TEAM = 58R7H452RZ;
				INFOPLIST_FILE = CNSummaryDemoTests/Info.plist;
				LD_RUNPATH_SEARCH_PATHS = "$(inherited) @executable_path/Frameworks @loader_path/Frameworks";
				PRODUCT_BUNDLE_IDENTIFIER = com.ChengNing.CNSummaryDemoTests;
				PRODUCT_NAME = "$(TARGET_NAME)";
				TARGETED_DEVICE_FAMILY = "1,2";
				TEST_HOST = "$(BUILT_PRODUCTS_DIR)/CNSummaryDemo.app/CNSummaryDemo";
			};
			name = Debug;
		};
		1817E0212046A53D00A12164 /* Release */ = {
			isa = XCBuildConfiguration;
			buildSettings = {
				BUNDLE_LOADER = "$(TEST_HOST)";
				CODE_SIGN_STYLE = Automatic;
				DEVELOPMENT_TEAM = 58R7H452RZ;
				INFOPLIST_FILE = CNSummaryDemoTests/Info.plist;
				LD_RUNPATH_SEARCH_PATHS = "$(inherited) @executable_path/Frameworks @loader_path/Frameworks";
				PRODUCT_BUNDLE_IDENTIFIER = com.ChengNing.CNSummaryDemoTests;
				PRODUCT_NAME = "$(TARGET_NAME)";
				TARGETED_DEVICE_FAMILY = "1,2";
				TEST_HOST = "$(BUILT_PRODUCTS_DIR)/CNSummaryDemo.app/CNSummaryDemo";
			};
			name = Release;
		};
		1817E0232046A53D00A12164 /* Debug */ = {
			isa = XCBuildConfiguration;
			buildSettings = {
				CODE_SIGN_STYLE = Automatic;
				DEVELOPMENT_TEAM = 58R7H452RZ;
				INFOPLIST_FILE = CNSummaryDemoUITests/Info.plist;
				LD_RUNPATH_SEARCH_PATHS = "$(inherited) @executable_path/Frameworks @loader_path/Frameworks";
				PRODUCT_BUNDLE_IDENTIFIER = com.ChengNing.CNSummaryDemoUITests;
				PRODUCT_NAME = "$(TARGET_NAME)";
				TARGETED_DEVICE_FAMILY = "1,2";
				TEST_TARGET_NAME = CNSummaryDemo;
			};
			name = Debug;
		};
		1817E0242046A53D00A12164 /* Release */ = {
			isa = XCBuildConfiguration;
			buildSettings = {
				CODE_SIGN_STYLE = Automatic;
				DEVELOPMENT_TEAM = 58R7H452RZ;
				INFOPLIST_FILE = CNSummaryDemoUITests/Info.plist;
				LD_RUNPATH_SEARCH_PATHS = "$(inherited) @executable_path/Frameworks @loader_path/Frameworks";
				PRODUCT_BUNDLE_IDENTIFIER = com.ChengNing.CNSummaryDemoUITests;
				PRODUCT_NAME = "$(TARGET_NAME)";
				TARGETED_DEVICE_FAMILY = "1,2";
				TEST_TARGET_NAME = CNSummaryDemo;
			};
			name = Release;
		};
/* End XCBuildConfiguration section */

/* Begin XCConfigurationList section */
		1817DFEB2046A53C00A12164 /* Build configuration list for PBXProject "CNSummaryDemo" */ = {
			isa = XCConfigurationList;
			buildConfigurations = (
				1817E01A2046A53D00A12164 /* Debug */,
				1817E01B2046A53D00A12164 /* Release */,
			);
			defaultConfigurationIsVisible = 0;
			defaultConfigurationName = Release;
		};
		1817E01C2046A53D00A12164 /* Build configuration list for PBXNativeTarget "CNSummaryDemo" */ = {
			isa = XCConfigurationList;
			buildConfigurations = (
				1817E01D2046A53D00A12164 /* Debug */,
				1817E01E2046A53D00A12164 /* Release */,
			);
			defaultConfigurationIsVisible = 0;
			defaultConfigurationName = Release;
		};
		1817E01F2046A53D00A12164 /* Build configuration list for PBXNativeTarget "CNSummaryDemoTests" */ = {
			isa = XCConfigurationList;
			buildConfigurations = (
				1817E0202046A53D00A12164 /* Debug */,
				1817E0212046A53D00A12164 /* Release */,
			);
			defaultConfigurationIsVisible = 0;
			defaultConfigurationName = Release;
		};
		1817E0222046A53D00A12164 /* Build configuration list for PBXNativeTarget "CNSummaryDemoUITests" */ = {
			isa = XCConfigurationList;
			buildConfigurations = (
				1817E0232046A53D00A12164 /* Debug */,
				1817E0242046A53D00A12164 /* Release */,
			);
			defaultConfigurationIsVisible = 0;
			defaultConfigurationName = Release;
		};
/* End XCConfigurationList section */
	};
	rootObject = 1817DFE82046A53C00A12164 /* Project object */;
}
